// !$*UTF8*$!
{
	archiveVersion = 1;
	classes = {
	};
	objectVersion = 50;
	objects = {

/* Begin PBXBuildFile section */
		2B3985B89B54FDA8BCB5B39E /* libPods-Standard.a in Frameworks */ = {isa = PBXBuildFile; fileRef = 865C322385288C406BA10AD9 /* libPods-Standard.a */; };
		6641F16E23CC61560078EC9A /* AppDelegate.swift in Sources */ = {isa = PBXBuildFile; fileRef = 6641F16D23CC61560078EC9A /* AppDelegate.swift */; };
		6641F17023CC61560078EC9A /* SceneDelegate.swift in Sources */ = {isa = PBXBuildFile; fileRef = 6641F16F23CC61560078EC9A /* SceneDelegate.swift */; };
		6641F17223CC61560078EC9A /* ViewController.swift in Sources */ = {isa = PBXBuildFile; fileRef = 6641F17123CC61560078EC9A /* ViewController.swift */; };
		6641F17723CC61560078EC9A /* Assets.xcassets in Resources */ = {isa = PBXBuildFile; fileRef = 6641F17623CC61560078EC9A /* Assets.xcassets */; };
		6641F17A23CC61560078EC9A /* LaunchScreen.storyboard in Resources */ = {isa = PBXBuildFile; fileRef = 6641F17823CC61560078EC9A /* LaunchScreen.storyboard */; };
		66D404C324161AA600E61176 /* EndViewController.swift in Sources */ = {isa = PBXBuildFile; fileRef = 66D404C224161AA600E61176 /* EndViewController.swift */; };
		66FDB45223F692E000DA70CF /* PropertyViewController.swift in Sources */ = {isa = PBXBuildFile; fileRef = 66FDB45123F692E000DA70CF /* PropertyViewController.swift */; };
		66FDB45423F6983300DA70CF /* BaseViewController.swift in Sources */ = {isa = PBXBuildFile; fileRef = 66FDB45323F6983300DA70CF /* BaseViewController.swift */; };
		66FDB45623F69C1C00DA70CF /* BasicViewController.swift in Sources */ = {isa = PBXBuildFile; fileRef = 66FDB45523F69C1C00DA70CF /* BasicViewController.swift */; };
/* End PBXBuildFile section */

/* Begin PBXFileReference section */
		24E74FA158F681736AFB0E90 /* Pods-Standard.debug.xcconfig */ = {isa = PBXFileReference; includeInIndex = 1; lastKnownFileType = text.xcconfig; name = "Pods-Standard.debug.xcconfig"; path = "Target Support Files/Pods-Standard/Pods-Standard.debug.xcconfig"; sourceTree = "<group>"; };
		627FC91A9E5444B55189185A /* Pods-Standard.release.xcconfig */ = {isa = PBXFileReference; includeInIndex = 1; lastKnownFileType = text.xcconfig; name = "Pods-Standard.release.xcconfig"; path = "Target Support Files/Pods-Standard/Pods-Standard.release.xcconfig"; sourceTree = "<group>"; };
		6641F16A23CC61560078EC9A /* Standard.app */ = {isa = PBXFileReference; explicitFileType = wrapper.application; includeInIndex = 0; path = Standard.app; sourceTree = BUILT_PRODUCTS_DIR; };
		6641F16D23CC61560078EC9A /* AppDelegate.swift */ = {isa = PBXFileReference; lastKnownFileType = sourcecode.swift; path = AppDelegate.swift; sourceTree = "<group>"; };
		6641F16F23CC61560078EC9A /* SceneDelegate.swift */ = {isa = PBXFileReference; lastKnownFileType = sourcecode.swift; path = SceneDelegate.swift; sourceTree = "<group>"; };
		6641F17123CC61560078EC9A /* ViewController.swift */ = {isa = PBXFileReference; lastKnownFileType = sourcecode.swift; path = ViewController.swift; sourceTree = "<group>"; };
		6641F17623CC61560078EC9A /* Assets.xcassets */ = {isa = PBXFileReference; lastKnownFileType = folder.assetcatalog; path = Assets.xcassets; sourceTree = "<group>"; };
		6641F17923CC61560078EC9A /* Base */ = {isa = PBXFileReference; lastKnownFileType = file.storyboard; name = Base; path = Base.lproj/LaunchScreen.storyboard; sourceTree = "<group>"; };
		6641F17B23CC61560078EC9A /* Info.plist */ = {isa = PBXFileReference; lastKnownFileType = text.plist.xml; path = Info.plist; sourceTree = "<group>"; };
		66D404C224161AA600E61176 /* EndViewController.swift */ = {isa = PBXFileReference; lastKnownFileType = sourcecode.swift; path = EndViewController.swift; sourceTree = "<group>"; };
		66FDB45123F692E000DA70CF /* PropertyViewController.swift */ = {isa = PBXFileReference; lastKnownFileType = sourcecode.swift; path = PropertyViewController.swift; sourceTree = "<group>"; };
		66FDB45323F6983300DA70CF /* BaseViewController.swift */ = {isa = PBXFileReference; lastKnownFileType = sourcecode.swift; path = BaseViewController.swift; sourceTree = "<group>"; };
		66FDB45523F69C1C00DA70CF /* BasicViewController.swift */ = {isa = PBXFileReference; lastKnownFileType = sourcecode.swift; path = BasicViewController.swift; sourceTree = "<group>"; };
		865C322385288C406BA10AD9 /* libPods-Standard.a */ = {isa = PBXFileReference; explicitFileType = archive.ar; includeInIndex = 0; path = "libPods-Standard.a"; sourceTree = BUILT_PRODUCTS_DIR; };
/* End PBXFileReference section */

/* Begin PBXFrameworksBuildPhase section */
		6641F16723CC61560078EC9A /* Frameworks */ = {
			isa = PBXFrameworksBuildPhase;
			buildActionMask = 2147483647;
			files = (
				2B3985B89B54FDA8BCB5B39E /* libPods-Standard.a in Frameworks */,
			);
			runOnlyForDeploymentPostprocessing = 0;
		};
/* End PBXFrameworksBuildPhase section */

/* Begin PBXGroup section */
		4E1D8743AED8250FF7CE185D /* Pods */ = {
			isa = PBXGroup;
			children = (
				24E74FA158F681736AFB0E90 /* Pods-Standard.debug.xcconfig */,
				627FC91A9E5444B55189185A /* Pods-Standard.release.xcconfig */,
			);
			path = Pods;
			sourceTree = "<group>";
		};
		6641F16123CC61560078EC9A = {
			isa = PBXGroup;
			children = (
				6641F16C23CC61560078EC9A /* Standard */,
				6641F16B23CC61560078EC9A /* Products */,
				4E1D8743AED8250FF7CE185D /* Pods */,
				A491F58C711F3916CF75FB94 /* Frameworks */,
			);
			sourceTree = "<group>";
		};
		6641F16B23CC61560078EC9A /* Products */ = {
			isa = PBXGroup;
			children = (
				6641F16A23CC61560078EC9A /* Standard.app */,
			);
			name = Products;
			sourceTree = "<group>";
		};
		6641F16C23CC61560078EC9A /* Standard */ = {
			isa = PBXGroup;
			children = (
				6641F16D23CC61560078EC9A /* AppDelegate.swift */,
				6641F16F23CC61560078EC9A /* SceneDelegate.swift */,
				6641F17123CC61560078EC9A /* ViewController.swift */,
				66FDB45323F6983300DA70CF /* BaseViewController.swift */,
				66FDB45523F69C1C00DA70CF /* BasicViewController.swift */,
				6641F17623CC61560078EC9A /* Assets.xcassets */,
				6641F17823CC61560078EC9A /* LaunchScreen.storyboard */,
				6641F17B23CC61560078EC9A /* Info.plist */,
				66FDB45123F692E000DA70CF /* PropertyViewController.swift */,
				66D404C224161AA600E61176 /* EndViewController.swift */,
			);
			path = Standard;
			sourceTree = "<group>";
		};
		A491F58C711F3916CF75FB94 /* Frameworks */ = {
			isa = PBXGroup;
			children = (
				865C322385288C406BA10AD9 /* libPods-Standard.a */,
			);
			name = Frameworks;
			sourceTree = "<group>";
		};
/* End PBXGroup section */

/* Begin PBXNativeTarget section */
		6641F16923CC61560078EC9A /* Standard */ = {
			isa = PBXNativeTarget;
			buildConfigurationList = 6641F17E23CC61560078EC9A /* Build configuration list for PBXNativeTarget "Standard" */;
			buildPhases = (
				80AC15115CBFCF9BC876556D /* [CP] Check Pods Manifest.lock */,
				6641F16623CC61560078EC9A /* Sources */,
				6641F16723CC61560078EC9A /* Frameworks */,
				6641F16823CC61560078EC9A /* Resources */,
			);
			buildRules = (
			);
			dependencies = (
			);
			name = Standard;
			productName = Standard;
			productReference = 6641F16A23CC61560078EC9A /* Standard.app */;
			productType = "com.apple.product-type.application";
		};
/* End PBXNativeTarget section */

/* Begin PBXProject section */
		6641F16223CC61560078EC9A /* Project object */ = {
			isa = PBXProject;
			attributes = {
				LastSwiftUpdateCheck = 1130;
				LastUpgradeCheck = 1130;
				ORGANIZATIONNAME = "文优";
				TargetAttributes = {
					6641F16923CC61560078EC9A = {
						CreatedOnToolsVersion = 11.3;
					};
				};
			};
			buildConfigurationList = 6641F16523CC61560078EC9A /* Build configuration list for PBXProject "Standard" */;
			compatibilityVersion = "Xcode 9.3";
			developmentRegion = en;
			hasScannedForEncodings = 0;
			knownRegions = (
				en,
				Base,
			);
			mainGroup = 6641F16123CC61560078EC9A;
			productRefGroup = 6641F16B23CC61560078EC9A /* Products */;
			projectDirPath = "";
			projectRoot = "";
			targets = (
				6641F16923CC61560078EC9A /* Standard */,
			);
		};
/* End PBXProject section */

/* Begin PBXResourcesBuildPhase section */
		6641F16823CC61560078EC9A /* Resources */ = {
			isa = PBXResourcesBuildPhase;
			buildActionMask = 2147483647;
			files = (
				6641F17A23CC61560078EC9A /* LaunchScreen.storyboard in Resources */,
				6641F17723CC61560078EC9A /* Assets.xcassets in Resources */,
			);
			runOnlyForDeploymentPostprocessing = 0;
		};
/* End PBXResourcesBuildPhase section */

/* Begin PBXShellScriptBuildPhase section */
		80AC15115CBFCF9BC876556D /* [CP] Check Pods Manifest.lock */ = {
			isa = PBXShellScriptBuildPhase;
			buildActionMask = 2147483647;
			files = (
			);
			inputFileListPaths = (
			);
			inputPaths = (
				"${PODS_PODFILE_DIR_PATH}/Podfile.lock",
				"${PODS_ROOT}/Manifest.lock",
			);
			name = "[CP] Check Pods Manifest.lock";
			outputFileListPaths = (
			);
			outputPaths = (
				"$(DERIVED_FILE_DIR)/Pods-Standard-checkManifestLockResult.txt",
			);
			runOnlyForDeploymentPostprocessing = 0;
			shellPath = /bin/sh;
			shellScript = "diff \"${PODS_PODFILE_DIR_PATH}/Podfile.lock\" \"${PODS_ROOT}/Manifest.lock\" > /dev/null\nif [ $? != 0 ] ; then\n    # print error to STDERR\n    echo \"error: The sandbox is not in sync with the Podfile.lock. Run 'pod install' or update your CocoaPods installation.\" >&2\n    exit 1\nfi\n# This output is used by Xcode 'outputs' to avoid re-running this script phase.\necho \"SUCCESS\" > \"${SCRIPT_OUTPUT_FILE_0}\"\n";
			showEnvVarsInLog = 0;
		};
/* End PBXShellScriptBuildPhase section */

/* Begin PBXSourcesBuildPhase section */
		6641F16623CC61560078EC9A /* Sources */ = {
			isa = PBXSourcesBuildPhase;
			buildActionMask = 2147483647;
			files = (
				66FDB45423F6983300DA70CF /* BaseViewController.swift in Sources */,
				66FDB45623F69C1C00DA70CF /* BasicViewController.swift in Sources */,
				6641F17223CC61560078EC9A /* ViewController.swift in Sources */,
				66D404C324161AA600E61176 /* EndViewController.swift in Sources */,
				6641F16E23CC61560078EC9A /* AppDelegate.swift in Sources */,
				6641F17023CC61560078EC9A /* SceneDelegate.swift in Sources */,
				66FDB45223F692E000DA70CF /* PropertyViewController.swift in Sources */,
			);
			runOnlyForDeploymentPostprocessing = 0;
		};
/* End PBXSourcesBuildPhase section */

/* Begin PBXVariantGroup section */
		6641F17823CC61560078EC9A /* LaunchScreen.storyboard */ = {
			isa = PBXVariantGroup;
			children = (
				6641F17923CC61560078EC9A /* Base */,
			);
			name = LaunchScreen.storyboard;
			sourceTree = "<group>";
		};
/* End PBXVariantGroup section */

/* Begin XCBuildConfiguration section */
		6641F17C23CC61560078EC9A /* Debug */ = {
			isa = XCBuildConfiguration;
			buildSettings = {
				ALWAYS_SEARCH_USER_PATHS = NO;
				CLANG_ANALYZER_NONNULL = YES;
				CLANG_ANALYZER_NUMBER_OBJECT_CONVERSION = YES_AGGRESSIVE;
				CLANG_CXX_LANGUAGE_STANDARD = "gnu++14";
				CLANG_CXX_LIBRARY = "libc++";
				CLANG_ENABLE_MODULES = YES;
				CLANG_ENABLE_OBJC_ARC = YES;
				CLANG_ENABLE_OBJC_WEAK = YES;
				CLANG_WARN_BLOCK_CAPTURE_AUTORELEASING = YES;
				CLANG_WARN_BOOL_CONVERSION = YES;
				CLANG_WARN_COMMA = YES;
				CLANG_WARN_CONSTANT_CONVERSION = YES;
				CLANG_WARN_DEPRECATED_OBJC_IMPLEMENTATIONS = YES;
				CLANG_WARN_DIRECT_OBJC_ISA_USAGE = YES_ERROR;
				CLANG_WARN_DOCUMENTATION_COMMENTS = YES;
				CLANG_WARN_EMPTY_BODY = YES;
				CLANG_WARN_ENUM_CONVERSION = YES;
				CLANG_WARN_INFINITE_RECURSION = YES;
				CLANG_WARN_INT_CONVERSION = YES;
				CLANG_WARN_NON_LITERAL_NULL_CONVERSION = YES;
				CLANG_WARN_OBJC_IMPLICIT_RETAIN_SELF = YES;
				CLANG_WARN_OBJC_LITERAL_CONVERSION = YES;
				CLANG_WARN_OBJC_ROOT_CLASS = YES_ERROR;
				CLANG_WARN_RANGE_LOOP_ANALYSIS = YES;
				CLANG_WARN_STRICT_PROTOTYPES = YES;
				CLANG_WARN_SUSPICIOUS_MOVE = YES;
				CLANG_WARN_UNGUARDED_AVAILABILITY = YES_AGGRESSIVE;
				CLANG_WARN_UNREACHABLE_CODE = YES;
				CLANG_WARN__DUPLICATE_METHOD_MATCH = YES;
				COPY_PHASE_STRIP = NO;
				DEBUG_INFORMATION_FORMAT = dwarf;
				ENABLE_STRICT_OBJC_MSGSEND = YES;
				ENABLE_TESTABILITY = YES;
				GCC_C_LANGUAGE_STANDARD = gnu11;
				GCC_DYNAMIC_NO_PIC = NO;
				GCC_NO_COMMON_BLOCKS = YES;
				GCC_OPTIMIZATION_LEVEL = 0;
				GCC_PREPROCESSOR_DEFINITIONS = (
					"DEBUG=1",
					"$(inherited)",
				);
				GCC_WARN_64_TO_32_BIT_CONVERSION = YES;
				GCC_WARN_ABOUT_RETURN_TYPE = YES_ERROR;
				GCC_WARN_UNDECLARED_SELECTOR = YES;
				GCC_WARN_UNINITIALIZED_AUTOS = YES_AGGRESSIVE;
				GCC_WARN_UNUSED_FUNCTION = YES;
				GCC_WARN_UNUSED_VARIABLE = YES;
				IPHONEOS_DEPLOYMENT_TARGET = 13.2;
				MTL_ENABLE_DEBUG_INFO = INCLUDE_SOURCE;
				MTL_FAST_MATH = YES;
				ONLY_ACTIVE_ARCH = YES;
				SDKROOT = iphoneos;
				SWIFT_ACTIVE_COMPILATION_CONDITIONS = DEBUG;
				SWIFT_OPTIMIZATION_LEVEL = "-Onone";
			};
			name = Debug;
		};
		6641F17D23CC61560078EC9A /* Release */ = {
			isa = XCBuildConfiguration;
			buildSettings = {
				ALWAYS_SEARCH_USER_PATHS = NO;
				CLANG_ANALYZER_NONNULL = YES;
				CLANG_ANALYZER_NUMBER_OBJECT_CONVERSION = YES_AGGRESSIVE;
				CLANG_CXX_LANGUAGE_STANDARD = "gnu++14";
				CLANG_CXX_LIBRARY = "libc++";
				CLANG_ENABLE_MODULES = YES;
				CLANG_ENABLE_OBJC_ARC = YES;
				CLANG_ENABLE_OBJC_WEAK = YES;
				CLANG_WARN_BLOCK_CAPTURE_AUTORELEASING = YES;
				CLANG_WARN_BOOL_CONVERSION = YES;
				CLANG_WARN_COMMA = YES;
				CLANG_WARN_CONSTANT_CONVERSION = YES;
				CLANG_WARN_DEPRECATED_OBJC_IMPLEMENTATIONS = YES;
				CLANG_WARN_DIRECT_OBJC_ISA_USAGE = YES_ERROR;
				CLANG_WARN_DOCUMENTATION_COMMENTS = YES;
				CLANG_WARN_EMPTY_BODY = YES;
				CLANG_WARN_ENUM_CONVERSION = YES;
				CLANG_WARN_INFINITE_RECURSION = YES;
				CLANG_WARN_INT_CONVERSION = YES;
				CLANG_WARN_NON_LITERAL_NULL_CONVERSION = YES;
				CLANG_WARN_OBJC_IMPLICIT_RETAIN_SELF = YES;
				CLANG_WARN_OBJC_LITERAL_CONVERSION = YES;
				CLANG_WARN_OBJC_ROOT_CLASS = YES_ERROR;
				CLANG_WARN_RANGE_LOOP_ANALYSIS = YES;
				CLANG_WARN_STRICT_PROTOTYPES = YES;
				CLANG_WARN_SUSPICIOUS_MOVE = YES;
				CLANG_WARN_UNGUARDED_AVAILABILITY = YES_AGGRESSIVE;
				CLANG_WARN_UNREACHABLE_CODE = YES;
				CLANG_WARN__DUPLICATE_METHOD_MATCH = YES;
				COPY_PHASE_STRIP = NO;
				DEBUG_INFORMATION_FORMAT = "dwarf-with-dsym";
				ENABLE_NS_ASSERTIONS = NO;
				ENABLE_STRICT_OBJC_MSGSEND = YES;
				GCC_C_LANGUAGE_STANDARD = gnu11;
				GCC_NO_COMMON_BLOCKS = YES;
				GCC_WARN_64_TO_32_BIT_CONVERSION = YES;
				GCC_WARN_ABOUT_RETURN_TYPE = YES_ERROR;
				GCC_WARN_UNDECLARED_SELECTOR = YES;
				GCC_WARN_UNINITIALIZED_AUTOS = YES_AGGRESSIVE;
				GCC_WARN_UNUSED_FUNCTION = YES;
				GCC_WARN_UNUSED_VARIABLE = YES;
				IPHONEOS_DEPLOYMENT_TARGET = 13.2;
				MTL_ENABLE_DEBUG_INFO = NO;
				MTL_FAST_MATH = YES;
				SDKROOT = iphoneos;
				SWIFT_COMPILATION_MODE = wholemodule;
				SWIFT_OPTIMIZATION_LEVEL = "-O";
				VALIDATE_PRODUCT = YES;
			};
			name = Release;
		};
		6641F17F23CC61560078EC9A /* Debug */ = {
			isa = XCBuildConfiguration;
			baseConfigurationReference = 24E74FA158F681736AFB0E90 /* Pods-Standard.debug.xcconfig */;
			buildSettings = {
				ASSETCATALOG_COMPILER_APPICON_NAME = AppIcon;
				CODE_SIGN_STYLE = Automatic;
				INFOPLIST_FILE = Standard/Info.plist;
				LD_RUNPATH_SEARCH_PATHS = (
					"$(inherited)",
					"@executable_path/Frameworks",
				);
				PRODUCT_BUNDLE_IDENTIFIER = win.opencode.Standard;
				PRODUCT_NAME = "$(TARGET_NAME)";
				SWIFT_VERSION = 5.0;
				TARGETED_DEVICE_FAMILY = "1,2";
			};
			name = Debug;
		};
		6641F18023CC61560078EC9A /* Release */ = {
			isa = XCBuildConfiguration;
			baseConfigurationReference = 627FC91A9E5444B55189185A /* Pods-Standard.release.xcconfig */;
			buildSettings = {
				ASSETCATALOG_COMPILER_APPICON_NAME = AppIcon;
				CODE_SIGN_STYLE = Automatic;
				INFOPLIST_FILE = Standard/Info.plist;
				LD_RUNPATH_SEARCH_PATHS = (
					"$(inherited)",
					"@executable_path/Frameworks",
				);
				PRODUCT_BUNDLE_IDENTIFIER = win.opencode.Standard;
				PRODUCT_NAME = "$(TARGET_NAME)";
				SWIFT_VERSION = 5.0;
				TARGETED_DEVICE_FAMILY = "1,2";
			};
			name = Release;
		};
/* End XCBuildConfiguration section */

/* Begin XCConfigurationList section */
		6641F16523CC61560078EC9A /* Build configuration list for PBXProject "Standard" */ = {
			isa = XCConfigurationList;
			buildConfigurations = (
				6641F17C23CC61560078EC9A /* Debug */,
				6641F17D23CC61560078EC9A /* Release */,
			);
			defaultConfigurationIsVisible = 0;
			defaultConfigurationName = Release;
		};
		6641F17E23CC61560078EC9A /* Build configuration list for PBXNativeTarget "Standard" */ = {
			isa = XCConfigurationList;
			buildConfigurations = (
				6641F17F23CC61560078EC9A /* Debug */,
				6641F18023CC61560078EC9A /* Release */,
			);
			defaultConfigurationIsVisible = 0;
			defaultConfigurationName = Release;
		};
/* End XCConfigurationList section */
	};
	rootObject = 6641F16223CC61560078EC9A /* Project object */;
}
